{
  "version": 4,
  "terraform_version": "1.13.5",
  "serial": 24,
  "lineage": "426e03d6-85d9-f518-05f9-3c68864185e5",
  "outputs": {
    "ecr_repository_url": {
      "value": "304506388162.dkr.ecr.us-east-1.amazonaws.com/miapp",
      "type": "string"
    }
  },
  "resources": [
    {
      "mode": "data",
      "type": "aws_subnets",
      "name": "default",
      "provider": "provider[\"registry.terraform.io/hashicorp/aws\"]",
      "instances": [
        {
          "schema_version": 0,
          "attributes": {
            "filter": [
              {
                "name": "default-for-az",
                "values": [
                  "true"
                ]
              }
            ],
            "id": "us-east-1",
            "ids": [
              "subnet-07762a02655a6a207",
              "subnet-0ed148a3754267c86",
              "subnet-0e3ab46c6488161ad",
              "subnet-0141856216efbadd3",
              "subnet-0ea20d38e7ba24664",
              "subnet-024556d128ab2feff"
            ],
            "tags": null,
            "timeouts": null
          },
          "sensitive_attributes": [],
          "identity_schema_version": 0
        }
      ]
    },
    {
      "mode": "data",
      "type": "aws_vpc",
      "name": "default",
      "provider": "provider[\"registry.terraform.io/hashicorp/aws\"]",
      "instances": [
        {
          "schema_version": 0,
          "attributes": {
            "arn": "arn:aws:ec2:us-east-1:304506388162:vpc/vpc-05c3bd160c1c2c427",
            "cidr_block": "172.31.0.0/16",
            "cidr_block_associations": [
              {
                "association_id": "vpc-cidr-assoc-0ccefdfa0bc297d9d",
                "cidr_block": "172.31.0.0/16",
                "state": "associated"
              }
            ],
            "default": true,
            "dhcp_options_id": "dopt-00ceb9e78d726f5df",
            "enable_dns_hostnames": true,
            "enable_dns_support": true,
            "enable_network_address_usage_metrics": false,
            "filter": null,
            "id": "vpc-05c3bd160c1c2c427",
            "instance_tenancy": "default",
            "ipv6_association_id": "",
            "ipv6_cidr_block": "",
            "main_route_table_id": "rtb-015a45e95f3c87eb8",
            "owner_id": "304506388162",
            "state": null,
            "tags": {},
            "timeouts": null
          },
          "sensitive_attributes": [],
          "identity_schema_version": 0
        }
      ]
    },
    {
      "mode": "managed",
      "type": "aws_dynamodb_table",
      "name": "items",
      "provider": "provider[\"registry.terraform.io/hashicorp/aws\"]",
      "instances": [
        {
          "schema_version": 1,
          "attributes": {
            "arn": "arn:aws:dynamodb:us-east-1:304506388162:table/Items",
            "attribute": [
              {
                "name": "id",
                "type": "S"
              }
            ],
            "billing_mode": "PAY_PER_REQUEST",
            "deletion_protection_enabled": false,
            "global_secondary_index": [],
            "hash_key": "id",
            "id": "Items",
            "import_table": [],
            "local_secondary_index": [],
            "name": "Items",
            "on_demand_throughput": [],
            "point_in_time_recovery": [
              {
                "enabled": false,
                "recovery_period_in_days": 0
              }
            ],
            "range_key": null,
            "read_capacity": 0,
            "replica": [],
            "restore_date_time": null,
            "restore_source_name": null,
            "restore_source_table_arn": null,
            "restore_to_latest_time": null,
            "server_side_encryption": [],
            "stream_arn": "",
            "stream_enabled": false,
            "stream_label": "",
            "stream_view_type": "",
            "table_class": "STANDARD",
            "tags": {
              "Environment": "dev",
              "Name": "items-table"
            },
            "tags_all": {
              "Environment": "dev",
              "Name": "items-table"
            },
            "timeouts": null,
            "ttl": [
              {
                "attribute_name": "",
                "enabled": false
              }
            ],
            "write_capacity": 0
          },
          "sensitive_attributes": [],
          "identity_schema_version": 0,
          "private": "eyJlMmJmYjczMC1lY2FhLTExZTYtOGY4OC0zNDM2M2JjN2M0YzAiOnsiY3JlYXRlIjoxODAwMDAwMDAwMDAwLCJkZWxldGUiOjYwMDAwMDAwMDAwMCwidXBkYXRlIjozNjAwMDAwMDAwMDAwfSwic2NoZW1hX3ZlcnNpb24iOiIxIn0="
        }
      ]
    },
    {
      "mode": "managed",
      "type": "aws_ecr_lifecycle_policy",
      "name": "app_policy",
      "provider": "provider[\"registry.terraform.io/hashicorp/aws\"]",
      "instances": [
        {
          "schema_version": 0,
          "attributes": {
            "id": "miapp",
            "policy": "{\"rules\":[{\"action\":{\"type\":\"expire\"},\"description\":\"Eliminar imágenes sin tag si hay más de 5\",\"rulePriority\":1,\"selection\":{\"countNumber\":5,\"countType\":\"imageCountMoreThan\",\"tagStatus\":\"untagged\"}}]}",
            "registry_id": "304506388162",
            "repository": "miapp"
          },
          "sensitive_attributes": [],
          "identity_schema_version": 0,
          "private": "bnVsbA==",
          "dependencies": [
            "aws_ecr_repository.app"
          ]
        }
      ]
    },
    {
      "mode": "managed",
      "type": "aws_ecr_repository",
      "name": "app",
      "provider": "provider[\"registry.terraform.io/hashicorp/aws\"]",
      "instances": [
        {
          "schema_version": 0,
          "attributes": {
            "arn": "arn:aws:ecr:us-east-1:304506388162:repository/miapp",
            "encryption_configuration": [
              {
                "encryption_type": "AES256",
                "kms_key": ""
              }
            ],
            "force_delete": null,
            "id": "miapp",
            "image_scanning_configuration": [
              {
                "scan_on_push": false
              }
            ],
            "image_tag_mutability": "MUTABLE",
            "name": "miapp",
            "registry_id": "304506388162",
            "repository_url": "304506388162.dkr.ecr.us-east-1.amazonaws.com/miapp",
            "tags": {},
            "tags_all": {},
            "timeouts": null
          },
          "sensitive_attributes": [],
          "identity_schema_version": 0,
          "private": "eyJlMmJmYjczMC1lY2FhLTExZTYtOGY4OC0zNDM2M2JjN2M0YzAiOnsiZGVsZXRlIjoxMjAwMDAwMDAwMDAwfX0="
        }
      ]
    },
    {
      "mode": "managed",
      "type": "aws_ecs_cluster",
      "name": "miapp",
      "provider": "provider[\"registry.terraform.io/hashicorp/aws\"]",
      "instances": [
        {
          "schema_version": 0,
          "attributes": {
            "arn": "arn:aws:ecs:us-east-1:304506388162:cluster/nodeappv3-cluster",
            "configuration": [],
            "id": "arn:aws:ecs:us-east-1:304506388162:cluster/nodeappv3-cluster",
            "name": "nodeappv3-cluster",
            "service_connect_defaults": [],
            "setting": [
              {
                "name": "containerInsights",
                "value": "disabled"
              }
            ],
            "tags": {},
            "tags_all": {}
          },
          "sensitive_attributes": [],
          "identity_schema_version": 0,
          "private": "bnVsbA=="
        }
      ]
    },
    {
      "mode": "managed",
      "type": "aws_ecs_service",
      "name": "miapp_service",
      "provider": "provider[\"registry.terraform.io/hashicorp/aws\"]",
      "instances": [
        {
          "schema_version": 1,
          "attributes": {
            "alarms": [],
            "availability_zone_rebalancing": "DISABLED",
            "capacity_provider_strategy": [],
            "cluster": "arn:aws:ecs:us-east-1:304506388162:cluster/nodeappv3-cluster",
            "deployment_circuit_breaker": [
              {
                "enable": false,
                "rollback": false
              }
            ],
            "deployment_controller": [
              {
                "type": "ECS"
              }
            ],
            "deployment_maximum_percent": 200,
            "deployment_minimum_healthy_percent": 100,
            "desired_count": 1,
            "enable_ecs_managed_tags": false,
            "enable_execute_command": false,
            "force_delete": null,
            "force_new_deployment": null,
            "health_check_grace_period_seconds": 0,
            "iam_role": "/aws-service-role/ecs.amazonaws.com/AWSServiceRoleForECS",
            "id": "arn:aws:ecs:us-east-1:304506388162:service/nodeappv3-cluster/miapp-service",
            "launch_type": "FARGATE",
            "load_balancer": [],
            "name": "miapp-service",
            "network_configuration": [
              {
                "assign_public_ip": true,
                "security_groups": [
                  "sg-062b17c11e18c3d0b"
                ],
                "subnets": [
                  "subnet-0141856216efbadd3",
                  "subnet-024556d128ab2feff",
                  "subnet-07762a02655a6a207",
                  "subnet-0e3ab46c6488161ad",
                  "subnet-0ea20d38e7ba24664",
                  "subnet-0ed148a3754267c86"
                ]
              }
            ],
            "ordered_placement_strategy": [],
            "placement_constraints": [],
            "platform_version": "LATEST",
            "propagate_tags": "NONE",
            "scheduling_strategy": "REPLICA",
            "service_connect_configuration": [],
            "service_registries": [],
            "tags": null,
            "tags_all": {},
            "task_definition": "arn:aws:ecs:us-east-1:304506388162:task-definition/miapp-task:2",
            "timeouts": null,
            "triggers": {},
            "volume_configuration": [],
            "vpc_lattice_configurations": [],
            "wait_for_steady_state": false
          },
          "sensitive_attributes": [],
          "identity_schema_version": 0,
          "private": "eyJlMmJmYjczMC1lY2FhLTExZTYtOGY4OC0zNDM2M2JjN2M0YzAiOnsiY3JlYXRlIjoxMjAwMDAwMDAwMDAwLCJkZWxldGUiOjEyMDAwMDAwMDAwMDAsInVwZGF0ZSI6MTIwMDAwMDAwMDAwMH0sInNjaGVtYV92ZXJzaW9uIjoiMSJ9",
          "dependencies": [
            "aws_ecr_repository.app",
            "aws_ecs_cluster.miapp",
            "aws_ecs_task_definition.miapp",
            "aws_iam_role.ecs_exec_role",
            "aws_iam_role.ecs_task_role",
            "aws_security_group.ecs_sg",
            "data.aws_subnets.default",
            "data.aws_vpc.default"
          ]
        }
      ]
    },
    {
      "mode": "managed",
      "type": "aws_ecs_task_definition",
      "name": "miapp",
      "provider": "provider[\"registry.terraform.io/hashicorp/aws\"]",
      "instances": [
        {
          "schema_version": 1,
          "attributes": {
            "arn": "arn:aws:ecs:us-east-1:304506388162:task-definition/miapp-task:2",
            "arn_without_revision": "arn:aws:ecs:us-east-1:304506388162:task-definition/miapp-task",
            "container_definitions": "[{\"cpu\":1024,\"environment\":[],\"essential\":true,\"image\":\"304506388162.dkr.ecr.us-east-1.amazonaws.com/miapp:latest\",\"logConfiguration\":{\"logDriver\":\"awslogs\",\"options\":{\"awslogs-group\":\"/ecs/miapp-task\",\"awslogs-region\":\"us-east-1\",\"awslogs-stream-prefix\":\"ecs\"}},\"memory\":3072,\"mountPoints\":[],\"name\":\"miapp\",\"portMappings\":[{\"containerPort\":3000,\"hostPort\":3000,\"protocol\":\"tcp\"}],\"systemControls\":[],\"volumesFrom\":[]}]",
            "cpu": "1024",
            "enable_fault_injection": false,
            "ephemeral_storage": [],
            "execution_role_arn": "arn:aws:iam::304506388162:role/ecsTaskExecutionRole",
            "family": "miapp-task",
            "id": "miapp-task",
            "inference_accelerator": [],
            "ipc_mode": "",
            "memory": "3072",
            "network_mode": "awsvpc",
            "pid_mode": "",
            "placement_constraints": [],
            "proxy_configuration": [],
            "requires_compatibilities": [
              "FARGATE"
            ],
            "revision": 2,
            "runtime_platform": [
              {
                "cpu_architecture": "X86_64",
                "operating_system_family": "LINUX"
              }
            ],
            "skip_destroy": false,
            "tags": null,
            "tags_all": {},
            "task_role_arn": "arn:aws:iam::304506388162:role/access-to-dynamodb",
            "track_latest": false,
            "volume": []
          },
          "sensitive_attributes": [],
          "identity_schema_version": 0,
          "private": "eyJzY2hlbWFfdmVyc2lvbiI6IjEifQ==",
          "dependencies": [
            "aws_ecr_repository.app",
            "aws_iam_role.ecs_exec_role",
            "aws_iam_role.ecs_task_role"
          ]
        }
      ]
    },
    {
      "mode": "managed",
      "type": "aws_iam_role",
      "name": "ecs_exec_role",
      "provider": "provider[\"registry.terraform.io/hashicorp/aws\"]",
      "instances": [
        {
          "schema_version": 0,
          "attributes": {
            "arn": "arn:aws:iam::304506388162:role/ecsTaskExecutionRole",
            "assume_role_policy": "{\"Statement\":[{\"Action\":\"sts:AssumeRole\",\"Effect\":\"Allow\",\"Principal\":{\"Service\":\"ecs-tasks.amazonaws.com\"}}],\"Version\":\"2012-10-17\"}",
            "create_date": "2025-11-18T19:05:12Z",
            "description": "",
            "force_detach_policies": false,
            "id": "ecsTaskExecutionRole",
            "inline_policy": [],
            "managed_policy_arns": [
              "arn:aws:iam::aws:policy/service-role/AmazonECSTaskExecutionRolePolicy"
            ],
            "max_session_duration": 3600,
            "name": "ecsTaskExecutionRole",
            "name_prefix": "",
            "path": "/",
            "permissions_boundary": "",
            "tags": {},
            "tags_all": {},
            "unique_id": "AROAUNZP6X3BMHVE5ZL7J"
          },
          "sensitive_attributes": [],
          "identity_schema_version": 0,
          "private": "bnVsbA=="
        }
      ]
    },
    {
      "mode": "managed",
      "type": "aws_iam_role",
      "name": "ecs_task_role",
      "provider": "provider[\"registry.terraform.io/hashicorp/aws\"]",
      "instances": [
        {
          "schema_version": 0,
          "attributes": {
            "arn": "arn:aws:iam::304506388162:role/access-to-dynamodb",
            "assume_role_policy": "{\"Statement\":[{\"Action\":\"sts:AssumeRole\",\"Effect\":\"Allow\",\"Principal\":{\"Service\":\"ecs-tasks.amazonaws.com\"},\"Sid\":\"\"}],\"Version\":\"2012-10-17\"}",
            "create_date": "2025-11-18T19:00:55Z",
            "description": "",
            "force_detach_policies": false,
            "id": "access-to-dynamodb",
            "inline_policy": [],
            "managed_policy_arns": [
              "arn:aws:iam::aws:policy/AmazonDynamoDBFullAccess"
            ],
            "max_session_duration": 3600,
            "name": "access-to-dynamodb",
            "name_prefix": "",
            "path": "/",
            "permissions_boundary": "",
            "tags": {},
            "tags_all": {},
            "unique_id": "AROAUNZP6X3BIVIHOTBZ7"
          },
          "sensitive_attributes": [],
          "identity_schema_version": 0,
          "private": "bnVsbA=="
        }
      ]
    },
    {
      "mode": "managed",
      "type": "aws_iam_role_policy_attachment",
      "name": "ecs_exec_policy",
      "provider": "provider[\"registry.terraform.io/hashicorp/aws\"]",
      "instances": [
        {
          "schema_version": 0,
          "attributes": {
            "id": "ecsTaskExecutionRole-20251119221854547900000002",
            "policy_arn": "arn:aws:iam::aws:policy/service-role/AmazonECSTaskExecutionRolePolicy",
            "role": "ecsTaskExecutionRole"
          },
          "sensitive_attributes": [],
          "identity_schema_version": 0,
          "private": "bnVsbA==",
          "dependencies": [
            "aws_iam_role.ecs_exec_role"
          ]
        }
      ]
    },
    {
      "mode": "managed",
      "type": "aws_iam_role_policy_attachment",
      "name": "ecs_task_policy",
      "provider": "provider[\"registry.terraform.io/hashicorp/aws\"]",
      "instances": [
        {
          "schema_version": 0,
          "attributes": {
            "id": "access-to-dynamodb-20251119221854486700000001",
            "policy_arn": "arn:aws:iam::aws:policy/AmazonDynamoDBFullAccess",
            "role": "access-to-dynamodb"
          },
          "sensitive_attributes": [],
          "identity_schema_version": 0,
          "private": "bnVsbA==",
          "dependencies": [
            "aws_iam_role.ecs_task_role"
          ]
        }
      ]
    },
    {
      "mode": "managed",
      "type": "aws_security_group",
      "name": "ecs_sg",
      "provider": "provider[\"registry.terraform.io/hashicorp/aws\"]",
      "instances": [
        {
          "schema_version": 1,
          "attributes": {
            "arn": "arn:aws:ec2:us-east-1:304506388162:security-group/sg-062b17c11e18c3d0b",
            "description": "Allow inbound traffic",
            "egress": [
              {
                "cidr_blocks": [
                  "0.0.0.0/0"
                ],
                "description": "",
                "from_port": 0,
                "ipv6_cidr_blocks": [],
                "prefix_list_ids": [],
                "protocol": "-1",
                "security_groups": [],
                "self": false,
                "to_port": 0
              }
            ],
            "id": "sg-062b17c11e18c3d0b",
            "ingress": [
              {
                "cidr_blocks": [
                  "0.0.0.0/0"
                ],
                "description": "",
                "from_port": 3000,
                "ipv6_cidr_blocks": [],
                "prefix_list_ids": [],
                "protocol": "tcp",
                "security_groups": [],
                "self": false,
                "to_port": 3000
              }
            ],
            "name": "ecs-miapp-sg",
            "name_prefix": "",
            "owner_id": "304506388162",
            "revoke_rules_on_delete": false,
            "tags": {},
            "tags_all": {},
            "timeouts": null,
            "vpc_id": "vpc-05c3bd160c1c2c427"
          },
          "sensitive_attributes": [],
          "identity_schema_version": 0,
          "private": "eyJlMmJmYjczMC1lY2FhLTExZTYtOGY4OC0zNDM2M2JjN2M0YzAiOnsiY3JlYXRlIjo2MDAwMDAwMDAwMDAsImRlbGV0ZSI6OTAwMDAwMDAwMDAwfSwic2NoZW1hX3ZlcnNpb24iOiIxIn0=",
          "dependencies": [
            "data.aws_vpc.default"
          ]
        }
      ]
    }
  ],
  "check_results": null
}
